github.com/aws/aws-sdk-go-v2 v1.41.5 h1:dj5kopbwUsVUVFgO4Fi5BIT3t4WyqIDjGKCangnV/yY=
github.com/aws/aws-sdk-go-v2 v1.41.5/go.mod h1:mwsPRE8ceUUpiTgF7QmQIJ7lgsKUPQOUl3o72QBrE1o=
github.com/aws/aws-sdk-go-v2/aws/protocol/eventstream v1.7.8 h1:eBMB84YGghSocM7PsjmmPffTa+1FBUeNvGvFou6V/4o=
github.com/aws/aws-sdk-go-v2/aws/protocol/eventstream v1.7.8/go.mod h1:lyw7GFp3qENLh7kwzf7iMzAxDn+NzjXEAGjKS2UOKqI=
github.com/aws/aws-sdk-go-v2/credentials v1.19.14 h1:n+UcGWAIZHkXzYt87uMFBv/l8THYELoX6gVcUvgl6fI=
github.com/aws/aws-sdk-go-v2/credentials v1.19.14/go.mod h1:cJKuyWB59Mqi0jM3nFYQRmnHVQIcgoxjEMAbLkpr62w=
github.com/aws/aws-sdk-go-v2/internal/configsources v1.4.21 h1:Rgg6wvjjtX8bNHcvi9OnXWwcE0a2vGpbwmtICOsvcf4=
github.com/aws/aws-sdk-go-v2/internal/configsources v1.4.21/go.mod h1:A/kJFst/nm//cyqonihbdpQZwiUhhzpqTsdbhDdRF9c=
github.com/aws/aws-sdk-go-v2/internal/endpoints/v2 v2.7.21 h1:PEgGVtPoB6NTpPrBgqSE5hE/o47Ij9qk/SEZFbUOe9A=
github.com/aws/aws-sdk-go-v2/internal/endpoints/v2 v2.7.21/go.mod h1:p+hz+PRAYlY3zcpJhPwXlLC4C+kqn70WIHwnzAfs6ps=
github.com/aws/aws-sdk-go-v2/internal/v4a v1.4.22 h1:rWyie/PxDRIdhNf4DzRk0lvjVOqFJuNnO8WwaIRVxzQ=
github.com/aws/aws-sdk-go-v2/internal/v4a v1.4.22/go.mod h1:zd/JsJ4P7oGfUhXn1VyLqaRZwPmZwg44Jf2dS84Dm3Y=
github.com/aws/aws-sdk-go-v2/service/internal/accept-encoding v1.13.7 h1:5EniKhLZe4xzL7a+fU3C2tfUN4nWIqlLesfrjkuPFTY=
github.com/aws/aws-sdk-go-v2/service/internal/accept-encoding v1.13.7/go.mod h1:x0nZssQ3qZSnIcePWLvcoFisRXJzcTVvYpAAdYX8+GI=
github.com/aws/aws-sdk-go-v2/service/internal/checksum v1.9.13 h1:JRaIgADQS/U6uXDqlPiefP32yXTda7Kqfx+LgspooZM=
github.com/aws/aws-sdk-go-v2/service/internal/checksum v1.9.13/go.mod h1:CEuVn5WqOMilYl+tbccq8+N2ieCy0gVn3OtRb0vBNNM=
github.com/aws/aws-sdk-go-v2/service/internal/presigned-url v1.13.21 h1:c31//R3xgIJMSC8S6hEVq+38DcvUlgFY0FM6mSI5oto=
github.com/aws/aws-sdk-go-v2/service/internal/presigned-url v1.13.21/go.mod h1:r6+pf23ouCB718FUxaqzZdbpYFyDtehyZcmP5KL9FkA=
github.com/aws/aws-sdk-go-v2/service/internal/s3shared v1.19.21 h1:ZlvrNcHSFFWURB8avufQq9gFsheUgjVD9536obIknfM=
github.com/aws/aws-sdk-go-v2/service/internal/s3shared v1.19.21/go.mod h1:cv3TNhVrssKR0O/xxLJVRfd2oazSnZnkUeTf6ctUwfQ=
github.com/aws/aws-sdk-go-v2/service/s3 v1.98.0 h1:foqo/ocQ7WqKwy3FojGtZQJo0FR4vto9qnz9VaumbCo=
github.com/aws/aws-sdk-go-v2/service/s3 v1.98.0/go.mod h1:uoA43SdFwacedBfSgfFSjjCvYe8aYBS7EnU5GZ/YKMM=
github.com/aws/smithy-go v1.24.2 h1:FzA3bu/nt/vDvmnkg+R8Xl46gmzEDam6mZ1hzmwXFng=
github.com/aws/smithy-go v1.24.2/go.mod h1:YE2RhdIuDbA5E5bTdciG9KrW3+TiEONeUWCqxX9i1Fc=
github.com/cpuguy83/go-md2man/v2 v2.0.6/go.mod h1:oOW0eioCTA6cOiMLiUPZOpcVxMig6NIQQ7OS05n1F4g=
github.com/davecgh/go-spew v1.1.2-0.20180830191138-d8f796af33cc h1:U9qPSI2PIWSS1VwoXQT9A3Wy9MM3WgvqSxFWenqJduM=
github.com/davecgh/go-spew v1.1.2-0.20180830191138-d8f796af33cc/go.mod h1:J7Y8YcW2NihsgmVo/mv3lAwl/skON4iLHjSsI+c5H38=
github.com/go-sql-driver/mysql v1.7.0/go.mod h1:OXbVy3sEdcQ2Doequ6Z5BW6fXNQTmx+9S1MCJN5yJMI=
github.com/go-sql-driver/mysql v1.7.1 h1:lUIinVbN1DY0xBg0eMOzmmtGoHwWBbvnWubQUrtU8EI=
github.com/go-sql-driver/mysql v1.7.1/go.mod h1:OXbVy3sEdcQ2Doequ6Z5BW6fXNQTmx+9S1MCJN5yJMI=
github.com/golang/glog v1.2.5 h1:DrW6hGnjIhtvhOIiAKT6Psh/Kd/ldepEa81DKeiRJ5I=
github.com/golang/glog v1.2.5/go.mod h1:6AhwSGph0fcJtXVM/PEHPqZlFeoLxhs7/t5UDAwmO+w=
github.com/golang/protobuf v1.5.4 h1:i7eJL8qZTpSEXOPTxNKhASYpMn+8e5Q6AdndVa1dWek=
github.com/golang/protobuf v1.5.4/go.mod h1:lnTiLA8Wa4RWRcIUkrtSVa5nRhsEGBg48fD6rSs7xps=
github.com/google/go-cmp v0.7.0 h1:wk8382ETsv4JYUZwIsn6YpYiWiBsYLSJiTsyBybVuN8=
github.com/google/go-cmp v0.7.0/go.mod h1:pXiqmnSA92OHEEa9HXL2W4E7lf9JzCmGVUdgjX3N/iU=
github.com/inconshreveable/mousetrap v1.1.0 h1:wN+x4NVGpMsO7ErUn/mUI3vEoE6Jt13X2s0bqwp9tc8=
github.com/inconshreveable/mousetrap v1.1.0/go.mod h1:vpF70FUmC8bwa3OWnCshd2FqLfsEA9PFc4w1p2J65bw=
github.com/jinzhu/inflection v1.0.0 h1:K317FqzuhWc8YvSVlFMCCUb36O/S9MCKRDI7QkRKD/E=
github.com/jinzhu/inflection v1.0.0/go.mod h1:h+uFLlag+Qp1Va5pdKtLDYj+kHp5pxUVkryuEj+Srlc=
github.com/jinzhu/now v1.1.5 h1:/o9tlHleP7gOFmsnYNz3RGnqzefHA47wQpKrrdTIwXQ=
github.com/jinzhu/now v1.1.5/go.mod h1:d3SSVoowX0Lcu0IBviAWJpolVfI5UJVZZ7cO71lE/z8=
github.com/joho/godotenv v1.5.1 h1:7eLL/+HRGLY0ldzfGMeQkb7vMd0as4CfYvUVzLqw0N0=
github.com/joho/godotenv v1.5.1/go.mod h1:f4LDr5Voq0i2e/R5DDNOoa2zzDfwtkZa6DnEwAbqwq4=
github.com/mohae/deepcopy v0.0.0-20170929034955-c48cc78d4826 h1:RWengNIwukTxcDr9M+97sNutRR1RKhG96O6jWumTTnw=
github.com/mohae/deepcopy v0.0.0-20170929034955-c48cc78d4826/go.mod h1:TaXosZuwdSHYgviHp1DAtfrULt5eUgsSMsZf+YrPgl8=
github.com/planetscale/vtprotobuf v0.6.1-0.20250313105119-ba97887b0a25 h1:S1hI5JiKP7883xBzZAr1ydcxrKNSVNm7+3+JwjxZEsg=
github.com/planetscale/vtprotobuf v0.6.1-0.20250313105119-ba97887b0a25/go.mod h1:ZQntvDG8TkPgljxtA0R9frDoND4QORU1VXz015N5Ks4=
github.com/pmezard/go-difflib v1.0.1-0.20181226105442-5d4384ee4fb2 h1:Jamvg5psRIccs7FGNTlIRMkT8wgtp5eCXdBlqhYGL6U=
github.com/pmezard/go-difflib v1.0.1-0.20181226105442-5d4384ee4fb2/go.mod h1:iKH77koFhYxTK1pcRnkKkqfTogsbg7gZNVY4sRDYZ/4=
github.com/richardlehane/mscfb v1.0.4 h1:WULscsljNPConisD5hR0+OyZjwK46Pfyr6mPu5ZawpM=
github.com/richardlehane/mscfb v1.0.4/go.mod h1:YzVpcZg9czvAuhk9T+a3avCpcFPMUWm7gK3DypaEsUk=
github.com/richardlehane/msoleps v1.0.1/go.mod h1:BWev5JBpU9Ko2WAgmZEuiz4/u3ZYTKbjLycmwiWUfWg=
github.com/richardlehane/msoleps v1.0.4 h1:WuESlvhX3gH2IHcd8UqyCuFY5yiq/GR/yqaSM/9/g00=
github.com/richardlehane/msoleps v1.0.4/go.mod h1:BWev5JBpU9Ko2WAgmZEuiz4/u3ZYTKbjLycmwiWUfWg=
github.com/russross/blackfriday/v2 v2.1.0/go.mod h1:+Rmxgy9KzJVeS9/2gXHxylqXiyQDYRxCVz55jmeOWTM=
github.com/spf13/cobra v1.10.1 h1:lJeBwCfmrnXthfAupyUTzJ/J4Nc1RsHC/mSRU2dll/s=
github.com/spf13/cobra v1.10.1/go.mod h1:7SmJGaTHFVBY0jW4NXGluQoLvhqFQM+6XSKD+P4XaB0=
github.com/spf13/pflag v1.0.9/go.mod h1:McXfInJRrz4CZXVZOBLb0bTZqETkiAhM9Iw0y3An2Bg=
github.com/spf13/pflag v1.0.10 h1:4EBh2KAYBwaONj6b2Ye1GiHfwjqyROoF4RwYO+vPwFk=
github.com/spf13/pflag v1.0.10/go.mod h1:McXfInJRrz4CZXVZOBLb0bTZqETkiAhM9Iw0y3An2Bg=
github.com/stretchr/testify v1.11.1 h1:7s2iGBzp5EwR7/aIZr8ao5+dra3wiQyKjjFuvgVKu7U=
github.com/stretchr/testify v1.11.1/go.mod h1:wZwfW3scLgRK+23gO65QZefKpKQRnfz6sD981Nm4B6U=
github.com/xuri/efp v0.0.0-20240408161823-9ad904a10d6d h1:llb0neMWDQe87IzJLS4Ci7psK/lVsjIS2otl+1WyRyY=
github.com/xuri/efp v0.0.0-20240408161823-9ad904a10d6d/go.mod h1:ybY/Jr0T0GTCnYjKqmdwxyxn2BQf2RcQIIvex5QldPI=
github.com/xuri/excelize/v2 v2.9.0 h1:1tgOaEq92IOEumR1/JfYS/eR0KHOCsRv/rYXXh6YJQE=
github.com/xuri/excelize/v2 v2.9.0/go.mod h1:uqey4QBZ9gdMeWApPLdhm9x+9o2lq4iVmjiLfBS5hdE=
github.com/xuri/nfp v0.0.0-20240318013403-ab9948c2c4a7 h1:hPVCafDV85blFTabnqKgNhDCkJX25eik94Si9cTER4A=
github.com/xuri/nfp v0.0.0-20240318013403-ab9948c2c4a7/go.mod h1:WwHg+CVyzlv/TX9xqBFXEZAuxOPxn2k1GNHwG41IIUQ=
go.uber.org/goleak v1.3.0 h1:2K3zAYmnTNqV73imy9J1T3WC+gmCePx2hEGkimedGto=
go.uber.org/goleak v1.3.0/go.mod h1:CoHD4mav9JJNrW/WLlf7HGZPjdw8EucARQHekz1X6bE=
golang.org/x/crypto v0.45.0 h1:jMBrvKuj23MTlT0bQEOBcAE0mjg8mK9RXFhRH6nyF3Q=
golang.org/x/crypto v0.45.0/go.mod h1:XTGrrkGJve7CYK7J8PEww4aY7gM3qMCElcJQ8n8JdX4=
golang.org/x/image v0.18.0 h1:jGzIakQa/ZXI1I0Fxvaa9W7yP25TqT6cHIHn+6CqvSQ=
golang.org/x/image v0.18.0/go.mod h1:4yyo5vMFQjVjUcVk4jEQcU9MGy/rulF5WvUILseCM2E=
golang.org/x/net v0.47.0 h1:Mx+4dIFzqraBXUugkia1OOvlD6LemFo1ALMHjrXDOhY=
golang.org/x/net v0.47.0/go.mod h1:/jNxtkgq5yWUGYkaZGqo27cfGZ1c5Nen03aYrrKpVRU=
golang.org/x/sys v0.38.0 h1:3yZWxaJjBmCWXqhN1qh02AkOnCQ1poK6oF+a7xWL6Gc=
golang.org/x/sys v0.38.0/go.mod h1:OgkHotnGiDImocRcuBABYBEXf8A9a87e/uXjp9XT3ks=
golang.org/x/text v0.31.0 h1:aC8ghyu4JhP8VojJ2lEHBnochRno1sgL6nEi9WGFGMM=
golang.org/x/text v0.31.0/go.mod h1:tKRAlv61yKIjGGHX/4tP1LTbc13YSec1pxVEWXzfoeM=
google.golang.org/genproto/googleapis/rpc v0.0.0-20250929231259-57b25ae835d4 h1:i8QOKZfYg6AbGVZzUAY3LrNWCKF8O6zFisU9Wl9RER4=
google.golang.org/genproto/googleapis/rpc v0.0.0-20250929231259-57b25ae835d4/go.mod h1:HSkG/KdJWusxU1F6CNrwNDjBMgisKxGnc5dAZfT0mjQ=
google.golang.org/grpc v1.75.1 h1:/ODCNEuf9VghjgO3rqLcfg8fiOP0nSluljWFlDxELLI=
google.golang.org/grpc v1.75.1/go.mod h1:JtPAzKiq4v1xcAB2hydNlWI2RnF85XXcV0mhKXr2ecQ=
google.golang.org/protobuf v1.36.9 h1:w2gp2mA27hUeUzj9Ex9FBjsBm40zfaDtEWow293U7Iw=
google.golang.org/protobuf v1.36.9/go.mod h1:fuxRtAxBytpl4zzqUh6/eyUujkJdNiuEkXntxiD/uRU=
gopkg.in/check.v1 v0.0.0-20161208181325-20d25e280405/go.mod h1:Co6ibVJAznAaIkqp8huTwlJQCZ016jof/cbN4VW5Yz0=
gopkg.in/yaml.v3 v3.0.1 h1:fxVm/GzAzEWqLHuvctI91KS9hhNmmWOoWu0XTYJS7CA=
gopkg.in/yaml.v3 v3.0.1/go.mod h1:K4uyk7z7BCEPqu6E+C64Yfv1cQ7kz7rIZviUmN+EgEM=
gorm.io/driver/mysql v1.5.7 h1:MndhOPYOfEp2rHKgkZIhJ16eVUIRf2HmzgoPmh7FCWo=
gorm.io/driver/mysql v1.5.7/go.mod h1:sEtPWMiqiN1N1cMXoXmBbd8C6/l+TESwriotuRRpkDM=
gorm.io/gorm v1.25.7/go.mod h1:hbnx/Oo0ChWMn1BIhpy1oYozzpM15i4YPuHDmfYtwg8=
gorm.io/gorm v1.25.12 h1:I0u8i2hWQItBq1WfE0o2+WuL9+8L21K9e2HHSTE/0f8=
gorm.io/gorm v1.25.12/go.mod h1:xh7N7RHfYlNc5EmcI/El95gXusucDrQnHXe0+CgWcLQ=
vitess.io/vitess v0.23.3 h1:zvZFEG6/3IvmDmXlFlqs7353tNYDTjhlriMMSHGz1vs=
vitess.io/vitess v0.23.3/go.mod h1:Q6qWoQw3mAEBOMg0Hn28sb5EWi7pRJ9885zrVtU6MGM=
